<?xml version="1.0" encoding="utf-8"?>
<Project ToolsVersion="4.0" xmlns="http://schemas.microsoft.com/developer/msbuild/2003">
  <ItemGroup>
    <Filter Include="Resource Files">
      <UniqueIdentifier>{67DA6AB6-F800-4c08-8B7A-83BB121AAD01}</UniqueIdentifier>
      <Extensions>rc;ico;cur;bmp;dlg;rc2;rct;bin;rgs;gif;jpg;jpeg;jpe;resx;tiff;tif;png;wav;mfcribbon-ms</Extensions>
    </Filter>
    <Filter Include="src">
      <UniqueIdentifier>{eda5be8f-4c4d-4e6b-8b02-3839d3f215f6}</UniqueIdentifier>
    </Filter>
    <Filter Include="C4W">
      <UniqueIdentifier>{a618073f-d431-4d3f-90c6-75493dd4bfa3}</UniqueIdentifier>
    </Filter>
  </ItemGroup>
  <ItemGroup>
    <None Include=".gitignore">
      <Filter>Resource Files</Filter>
    </None>
  </ItemGroup>
  <ItemGroup>
    <ClInclude Include="src\DlgMain.h">
      <Filter>src</Filter>
    </ClInclude>
    <ClInclude Include="res\resource.h">
      <Filter>Resource Files</Filter>
    </ClInclude>
    <ClInclude Include="src\ChromiumRel.h">
      <Filter>src</Filter>
    </ClInclude>
    <ClInclude Include="src\DlgDnInfo.h">
      <Filter>src</Filter>
    </ClInclude>
    <ClInclude Include="src\DlgDnList.h">
      <Filter>src</Filter>
    </ClInclude>
    <ClInclude Include="src\DlgDnZip.h">
      <Filter>src</Filter>
    </ClInclude>
    <ClInclude Include="src\DlgDnDll.h">
      <Filter>src</Filter>
    </ClInclude>
    <ClInclude Include="src\DlgDn.h">
      <Filter>src</Filter>
    </ClInclude>
    <ClInclude Include="c4w\File.h">
      <Filter>C4W</Filter>
    </ClInclude>
    <ClInclude Include="c4w\Net.h">
      <Filter>C4W</Filter>
    </ClInclude>
    <ClInclude Include="c4w\Resources.h">
      <Filter>C4W</Filter>
    </ClInclude>
    <ClInclude Include="c4w\Str.h">
      <Filter>C4W</Filter>
    </ClInclude>
    <ClInclude Include="c4w\Sys.h">
      <Filter>C4W</Filter>
    </ClInclude>
    <ClInclude Include="c4w\Window.h">
      <Filter>C4W</Filter>
    </ClInclude>
    <ClInclude Include="c4w\WindowDialog.h">
      <Filter>C4W</Filter>
    </ClInclude>
    <ClInclude Include="c4w\WindowFrame.h">
      <Filter>C4W</Filter>
    </ClInclude>
    <ClInclude Include="c4w\c4w.h">
      <Filter>C4W</Filter>
    </ClInclude>
    <ClInclude Include="c4w\Controls.h">
      <Filter>C4W</Filter>
    </ClInclude>
  </ItemGroup>
  <ItemGroup>
    <ClCompile Include="src\DlgMain.cpp">
      <Filter>src</Filter>
    </ClCompile>
    <ClCompile Include="src\ChromiumRel.cpp">
      <Filter>src</Filter>
    </ClCompile>
    <ClCompile Include="src\DlgDnDll.cpp">
      <Filter>src</Filter>
    </ClCompile>
    <ClCompile Include="src\DlgDnInfo.cpp">
      <Filter>src</Filter>
    </ClCompile>
    <ClCompile Include="src\DlgDnList.cpp">
      <Filter>src</Filter>
    </ClCompile>
    <ClCompile Include="src\DlgDnZip.cpp">
      <Filter>src</Filter>
    </ClCompile>
    <ClCompile Include="src\DlgDn.cpp">
      <Filter>src</Filter>
    </ClCompile>
    <ClCompile Include="c4w\Controls.cpp">
      <Filter>C4W</Filter>
    </ClCompile>
    <ClCompile Include="c4w\File.cpp">
      <Filter>C4W</Filter>
    </ClCompile>
    <ClCompile Include="c4w\Net.cpp">
      <Filter>C4W</Filter>
    </ClCompile>
    <ClCompile Include="c4w\Resources.cpp">
      <Filter>C4W</Filter>
    </ClCompile>
    <ClCompile Include="c4w\Str.cpp">
      <Filter>C4W</Filter>
    </ClCompile>
    <ClCompile Include="c4w\Sys.cpp">
      <Filter>C4W</Filter>
    </ClCompile>
    <ClCompile Include="c4w\Window.cpp">
      <Filter>C4W</Filter>
    </ClCompile>
    <ClCompile Include="c4w\WindowDialog.cpp">
      <Filter>C4W</Filter>
    </ClCompile>
    <ClCompile Include="c4w\WindowFrame.cpp">
      <Filter>C4W</Filter>
    </ClCompile>
  </ItemGroup>
  <ItemGroup>
    <ResourceCompile Include="res\ChromiumPeeker.rc">
      <Filter>Resource Files</Filter>
    </ResourceCompile>
  </ItemGroup>
  <ItemGroup>
    <Image Include="res\old-chromium.ico">
      <Filter>Resource Files</Filter>
    </Image>
  </ItemGroup>
</Project>