<?xml version="1.0" encoding="utf-8"?>
<Project ToolsVersion="4.0" xmlns="http://schemas.microsoft.com/developer/msbuild/2003">
  <ItemGroup>
    <Filter Include="Resource Files">
      <UniqueIdentifier>{67DA6AB6-F800-4c08-8B7A-83BB121AAD01}</UniqueIdentifier>
      <Extensions>rc;ico;cur;bmp;dlg;rc2;rct;bin;rgs;gif;jpg;jpeg;jpe;resx;tiff;tif;png;wav;mfcribbon-ms</Extensions>
    </Filter>
    <Filter Include="src">
      <UniqueIdentifier>{eda5be8f-4c4d-4e6b-8b02-3839d3f215f6}</UniqueIdentifier>
    </Filter>
    <Filter Include="owl">
      <UniqueIdentifier>{86c381df-bc0b-4875-b9ba-1caffa7e849a}</UniqueIdentifier>
    </Filter>
  </ItemGroup>
  <ItemGroup>
    <None Include=".gitignore">
      <Filter>Resource Files</Filter>
    </None>
  </ItemGroup>
  <ItemGroup>
    <ClInclude Include="src\DlgMain.h">
      <Filter>src</Filter>
    </ClInclude>
    <ClInclude Include="res\resource.h">
      <Filter>Resource Files</Filter>
    </ClInclude>
    <ClInclude Include="src\ChromiumRel.h">
      <Filter>src</Filter>
    </ClInclude>
    <ClInclude Include="src\DlgDnInfo.h">
      <Filter>src</Filter>
    </ClInclude>
    <ClInclude Include="src\DlgDnList.h">
      <Filter>src</Filter>
    </ClInclude>
    <ClInclude Include="src\DlgDnZip.h">
      <Filter>src</Filter>
    </ClInclude>
    <ClInclude Include="src\DlgDnDll.h">
      <Filter>src</Filter>
    </ClInclude>
    <ClInclude Include="owl\StrUtil.h">
      <Filter>owl</Filter>
    </ClInclude>
    <ClInclude Include="owl\System.h">
      <Filter>owl</Filter>
    </ClInclude>
    <ClInclude Include="owl\Window.h">
      <Filter>owl</Filter>
    </ClInclude>
    <ClInclude Include="owl\WindowDialog.h">
      <Filter>owl</Filter>
    </ClInclude>
    <ClInclude Include="owl\WindowFrame.h">
      <Filter>owl</Filter>
    </ClInclude>
    <ClInclude Include="owl\Controls.h">
      <Filter>owl</Filter>
    </ClInclude>
    <ClInclude Include="owl\File.h">
      <Filter>owl</Filter>
    </ClInclude>
    <ClInclude Include="owl\Internet.h">
      <Filter>owl</Filter>
    </ClInclude>
    <ClInclude Include="owl\owl.h">
      <Filter>owl</Filter>
    </ClInclude>
    <ClInclude Include="src\DlgDn.h">
      <Filter>src</Filter>
    </ClInclude>
  </ItemGroup>
  <ItemGroup>
    <ClCompile Include="src\DlgMain.cpp">
      <Filter>src</Filter>
    </ClCompile>
    <ClCompile Include="src\ChromiumRel.cpp">
      <Filter>src</Filter>
    </ClCompile>
    <ClCompile Include="src\DlgDnDll.cpp">
      <Filter>src</Filter>
    </ClCompile>
    <ClCompile Include="src\DlgDnInfo.cpp">
      <Filter>src</Filter>
    </ClCompile>
    <ClCompile Include="src\DlgDnList.cpp">
      <Filter>src</Filter>
    </ClCompile>
    <ClCompile Include="src\DlgDnZip.cpp">
      <Filter>src</Filter>
    </ClCompile>
    <ClCompile Include="owl\Controls.cpp">
      <Filter>owl</Filter>
    </ClCompile>
    <ClCompile Include="owl\File.cpp">
      <Filter>owl</Filter>
    </ClCompile>
    <ClCompile Include="owl\Internet.cpp">
      <Filter>owl</Filter>
    </ClCompile>
    <ClCompile Include="owl\StrUtil.cpp">
      <Filter>owl</Filter>
    </ClCompile>
    <ClCompile Include="owl\System.cpp">
      <Filter>owl</Filter>
    </ClCompile>
    <ClCompile Include="owl\Window.cpp">
      <Filter>owl</Filter>
    </ClCompile>
    <ClCompile Include="owl\WindowDialog.cpp">
      <Filter>owl</Filter>
    </ClCompile>
    <ClCompile Include="owl\WindowFrame.cpp">
      <Filter>owl</Filter>
    </ClCompile>
    <ClCompile Include="src\DlgDn.cpp">
      <Filter>src</Filter>
    </ClCompile>
  </ItemGroup>
  <ItemGroup>
    <ResourceCompile Include="res\ChromiumPeeker.rc">
      <Filter>Resource Files</Filter>
    </ResourceCompile>
  </ItemGroup>
  <ItemGroup>
    <Image Include="res\old-chromium.ico">
      <Filter>Resource Files</Filter>
    </Image>
  </ItemGroup>
</Project>